
Microsoft Visual Studio Solution File, Format Version 12.00
# Visual Studio Version 17
VisualStudioVersion = 17.7.34024.191
MinimumVisualStudioVersion = 10.0.40219.1
Project("{FAE04EC0-301F-11D3-BF4B-00C04F79EFBC}") = "L3_e3", "L3_e3\L3_e3.csproj", "{B7317940-CAE5-4B66-836C-D9D1A96F0B89}"
EndProject
Global
	GlobalSection(SolutionConfigurationPlatforms) = preSolution
		Debug|Any CPU = Debug|Any CPU
		Release|Any CPU = Release|Any CPU
	EndGlobalSection
	GlobalSection(ProjectConfigurationPlatforms) = postSolution
		{B7317940-CAE5-4B66-836C-D9D1A96F0B89}.Debug|Any CPU.ActiveCfg = Debug|Any CPU
		{B7317940-CAE5-4B66-836C-D9D1A96F0B89}.Debug|Any CPU.Build.0 = Debug|Any CPU
		{B7317940-CAE5-4B66-836C-D9D1A96F0B89}.Release|Any CPU.ActiveCfg = Release|Any CPU
		{B7317940-CAE5-4B66-836C-D9D1A96F0B89}.Release|Any CPU.Build.0 = Release|Any CPU
	EndGlobalSection
	GlobalSection(SolutionProperties) = preSolution
		HideSolutionNode = FALSE
	EndGlobalSection
	GlobalSection(ExtensibilityGlobals) = postSolution
		SolutionGuid = {0D1698E2-B4C6-4A96-ACA1-43E545FB39D3}
	EndGlobalSection
EndGlobal
