
Microsoft Visual Studio Solution File, Format Version 12.00
# Visual Studio Version 17
VisualStudioVersion = 17.7.34024.191
MinimumVisualStudioVersion = 10.0.40219.1
Project("{FAE04EC0-301F-11D3-BF4B-00C04F79EFBC}") = "L7", "L7\L7.csproj", "{C338E450-F8DB-4844-B264-3FC64FE38334}"
EndProject
Project("{FAE04EC0-301F-11D3-BF4B-00C04F79EFBC}") = "main_for_l7", "main_for_l7\main_for_l7.csproj", "{E541F604-9FE9-4274-8556-B40B94A64278}"
EndProject
Global
	GlobalSection(SolutionConfigurationPlatforms) = preSolution
		Debug|Any CPU = Debug|Any CPU
		Release|Any CPU = Release|Any CPU
	EndGlobalSection
	GlobalSection(ProjectConfigurationPlatforms) = postSolution
		{C338E450-F8DB-4844-B264-3FC64FE38334}.Debug|Any CPU.ActiveCfg = Debug|Any CPU
		{C338E450-F8DB-4844-B264-3FC64FE38334}.Debug|Any CPU.Build.0 = Debug|Any CPU
		{C338E450-F8DB-4844-B264-3FC64FE38334}.Release|Any CPU.ActiveCfg = Release|Any CPU
		{C338E450-F8DB-4844-B264-3FC64FE38334}.Release|Any CPU.Build.0 = Release|Any CPU
		{E541F604-9FE9-4274-8556-B40B94A64278}.Debug|Any CPU.ActiveCfg = Debug|Any CPU
		{E541F604-9FE9-4274-8556-B40B94A64278}.Debug|Any CPU.Build.0 = Debug|Any CPU
		{E541F604-9FE9-4274-8556-B40B94A64278}.Release|Any CPU.ActiveCfg = Release|Any CPU
		{E541F604-9FE9-4274-8556-B40B94A64278}.Release|Any CPU.Build.0 = Release|Any CPU
	EndGlobalSection
	GlobalSection(SolutionProperties) = preSolution
		HideSolutionNode = FALSE
	EndGlobalSection
	GlobalSection(ExtensibilityGlobals) = postSolution
		SolutionGuid = {BFFD2612-2B80-4B09-94BF-828399FCA232}
	EndGlobalSection
EndGlobal
