
Microsoft Visual Studio Solution File, Format Version 12.00
# Visual Studio Version 17
VisualStudioVersion = 17.7.34024.191
MinimumVisualStudioVersion = 10.0.40219.1
Project("{FAE04EC0-301F-11D3-BF4B-00C04F79EFBC}") = "L2_E2", "L2_E2\L2_E2.csproj", "{6659D79A-2001-428D-85AF-71F615C090E9}"
EndProject
Global
	GlobalSection(SolutionConfigurationPlatforms) = preSolution
		Debug|Any CPU = Debug|Any CPU
		Release|Any CPU = Release|Any CPU
	EndGlobalSection
	GlobalSection(ProjectConfigurationPlatforms) = postSolution
		{6659D79A-2001-428D-85AF-71F615C090E9}.Debug|Any CPU.ActiveCfg = Debug|Any CPU
		{6659D79A-2001-428D-85AF-71F615C090E9}.Debug|Any CPU.Build.0 = Debug|Any CPU
		{6659D79A-2001-428D-85AF-71F615C090E9}.Release|Any CPU.ActiveCfg = Release|Any CPU
		{6659D79A-2001-428D-85AF-71F615C090E9}.Release|Any CPU.Build.0 = Release|Any CPU
	EndGlobalSection
	GlobalSection(SolutionProperties) = preSolution
		HideSolutionNode = FALSE
	EndGlobalSection
	GlobalSection(ExtensibilityGlobals) = postSolution
		SolutionGuid = {568C66F8-DACA-474E-98D0-60968313754E}
	EndGlobalSection
EndGlobal
