
Microsoft Visual Studio Solution File, Format Version 12.00
# Visual Studio Version 17
VisualStudioVersion = 17.7.34221.43
MinimumVisualStudioVersion = 10.0.40219.1
Project("{FAE04EC0-301F-11D3-BF4B-00C04F79EFBC}") = "l13__.Android", "l13__\l13__.Android\l13__.Android.csproj", "{DBF1A7E0-C1B5-42AF-8C8B-A95B11935EDB}"
EndProject
Project("{FAE04EC0-301F-11D3-BF4B-00C04F79EFBC}") = "l13__.iOS", "l13__\l13__.iOS\l13__.iOS.csproj", "{3C0F0583-728E-4D06-BDDB-72804D38064E}"
EndProject
Project("{FAE04EC0-301F-11D3-BF4B-00C04F79EFBC}") = "l13__", "l13__\l13__\l13__.csproj", "{615FE839-A0D8-4E72-A473-49F38558B954}"
EndProject
Global
	GlobalSection(SolutionConfigurationPlatforms) = preSolution
		Debug|Any CPU = Debug|Any CPU
		Debug|iPhone = Debug|iPhone
		Debug|iPhoneSimulator = Debug|iPhoneSimulator
		Release|Any CPU = Release|Any CPU
		Release|iPhone = Release|iPhone
		Release|iPhoneSimulator = Release|iPhoneSimulator
	EndGlobalSection
	GlobalSection(ProjectConfigurationPlatforms) = postSolution
		{DBF1A7E0-C1B5-42AF-8C8B-A95B11935EDB}.Debug|Any CPU.ActiveCfg = Debug|Any CPU
		{DBF1A7E0-C1B5-42AF-8C8B-A95B11935EDB}.Debug|Any CPU.Build.0 = Debug|Any CPU
		{DBF1A7E0-C1B5-42AF-8C8B-A95B11935EDB}.Debug|Any CPU.Deploy.0 = Debug|Any CPU
		{DBF1A7E0-C1B5-42AF-8C8B-A95B11935EDB}.Debug|iPhone.ActiveCfg = Debug|Any CPU
		{DBF1A7E0-C1B5-42AF-8C8B-A95B11935EDB}.Debug|iPhone.Build.0 = Debug|Any CPU
		{DBF1A7E0-C1B5-42AF-8C8B-A95B11935EDB}.Debug|iPhone.Deploy.0 = Debug|Any CPU
		{DBF1A7E0-C1B5-42AF-8C8B-A95B11935EDB}.Debug|iPhoneSimulator.ActiveCfg = Debug|Any CPU
		{DBF1A7E0-C1B5-42AF-8C8B-A95B11935EDB}.Debug|iPhoneSimulator.Build.0 = Debug|Any CPU
		{DBF1A7E0-C1B5-42AF-8C8B-A95B11935EDB}.Debug|iPhoneSimulator.Deploy.0 = Debug|Any CPU
		{DBF1A7E0-C1B5-42AF-8C8B-A95B11935EDB}.Release|Any CPU.ActiveCfg = Release|Any CPU
		{DBF1A7E0-C1B5-42AF-8C8B-A95B11935EDB}.Release|Any CPU.Build.0 = Release|Any CPU
		{DBF1A7E0-C1B5-42AF-8C8B-A95B11935EDB}.Release|Any CPU.Deploy.0 = Release|Any CPU
		{DBF1A7E0-C1B5-42AF-8C8B-A95B11935EDB}.Release|iPhone.ActiveCfg = Release|Any CPU
		{DBF1A7E0-C1B5-42AF-8C8B-A95B11935EDB}.Release|iPhone.Build.0 = Release|Any CPU
		{DBF1A7E0-C1B5-42AF-8C8B-A95B11935EDB}.Release|iPhone.Deploy.0 = Release|Any CPU
		{DBF1A7E0-C1B5-42AF-8C8B-A95B11935EDB}.Release|iPhoneSimulator.ActiveCfg = Release|Any CPU
		{DBF1A7E0-C1B5-42AF-8C8B-A95B11935EDB}.Release|iPhoneSimulator.Build.0 = Release|Any CPU
		{DBF1A7E0-C1B5-42AF-8C8B-A95B11935EDB}.Release|iPhoneSimulator.Deploy.0 = Release|Any CPU
		{3C0F0583-728E-4D06-BDDB-72804D38064E}.Debug|Any CPU.ActiveCfg = Debug|iPhone
		{3C0F0583-728E-4D06-BDDB-72804D38064E}.Debug|Any CPU.Build.0 = Debug|iPhone
		{3C0F0583-728E-4D06-BDDB-72804D38064E}.Debug|Any CPU.Deploy.0 = Debug|iPhone
		{3C0F0583-728E-4D06-BDDB-72804D38064E}.Debug|iPhone.ActiveCfg = Debug|iPhone
		{3C0F0583-728E-4D06-BDDB-72804D38064E}.Debug|iPhone.Build.0 = Debug|iPhone
		{3C0F0583-728E-4D06-BDDB-72804D38064E}.Debug|iPhone.Deploy.0 = Debug|iPhone
		{3C0F0583-728E-4D06-BDDB-72804D38064E}.Debug|iPhoneSimulator.ActiveCfg = Debug|iPhoneSimulator
		{3C0F0583-728E-4D06-BDDB-72804D38064E}.Debug|iPhoneSimulator.Build.0 = Debug|iPhoneSimulator
		{3C0F0583-728E-4D06-BDDB-72804D38064E}.Debug|iPhoneSimulator.Deploy.0 = Debug|iPhoneSimulator
		{3C0F0583-728E-4D06-BDDB-72804D38064E}.Release|Any CPU.ActiveCfg = Release|iPhoneSimulator
		{3C0F0583-728E-4D06-BDDB-72804D38064E}.Release|Any CPU.Build.0 = Release|iPhoneSimulator
		{3C0F0583-728E-4D06-BDDB-72804D38064E}.Release|Any CPU.Deploy.0 = Release|iPhoneSimulator
		{3C0F0583-728E-4D06-BDDB-72804D38064E}.Release|iPhone.ActiveCfg = Release|iPhone
		{3C0F0583-728E-4D06-BDDB-72804D38064E}.Release|iPhone.Build.0 = Release|iPhone
		{3C0F0583-728E-4D06-BDDB-72804D38064E}.Release|iPhone.Deploy.0 = Release|iPhone
		{3C0F0583-728E-4D06-BDDB-72804D38064E}.Release|iPhoneSimulator.ActiveCfg = Release|iPhoneSimulator
		{3C0F0583-728E-4D06-BDDB-72804D38064E}.Release|iPhoneSimulator.Build.0 = Release|iPhoneSimulator
		{3C0F0583-728E-4D06-BDDB-72804D38064E}.Release|iPhoneSimulator.Deploy.0 = Release|iPhoneSimulator
		{615FE839-A0D8-4E72-A473-49F38558B954}.Debug|Any CPU.ActiveCfg = Debug|Any CPU
		{615FE839-A0D8-4E72-A473-49F38558B954}.Debug|Any CPU.Build.0 = Debug|Any CPU
		{615FE839-A0D8-4E72-A473-49F38558B954}.Debug|Any CPU.Deploy.0 = Debug|Any CPU
		{615FE839-A0D8-4E72-A473-49F38558B954}.Debug|iPhone.ActiveCfg = Debug|Any CPU
		{615FE839-A0D8-4E72-A473-49F38558B954}.Debug|iPhone.Build.0 = Debug|Any CPU
		{615FE839-A0D8-4E72-A473-49F38558B954}.Debug|iPhone.Deploy.0 = Debug|Any CPU
		{615FE839-A0D8-4E72-A473-49F38558B954}.Debug|iPhoneSimulator.ActiveCfg = Debug|Any CPU
		{615FE839-A0D8-4E72-A473-49F38558B954}.Debug|iPhoneSimulator.Build.0 = Debug|Any CPU
		{615FE839-A0D8-4E72-A473-49F38558B954}.Debug|iPhoneSimulator.Deploy.0 = Debug|Any CPU
		{615FE839-A0D8-4E72-A473-49F38558B954}.Release|Any CPU.ActiveCfg = Release|Any CPU
		{615FE839-A0D8-4E72-A473-49F38558B954}.Release|Any CPU.Build.0 = Release|Any CPU
		{615FE839-A0D8-4E72-A473-49F38558B954}.Release|Any CPU.Deploy.0 = Release|Any CPU
		{615FE839-A0D8-4E72-A473-49F38558B954}.Release|iPhone.ActiveCfg = Release|Any CPU
		{615FE839-A0D8-4E72-A473-49F38558B954}.Release|iPhone.Build.0 = Release|Any CPU
		{615FE839-A0D8-4E72-A473-49F38558B954}.Release|iPhone.Deploy.0 = Release|Any CPU
		{615FE839-A0D8-4E72-A473-49F38558B954}.Release|iPhoneSimulator.ActiveCfg = Release|Any CPU
		{615FE839-A0D8-4E72-A473-49F38558B954}.Release|iPhoneSimulator.Build.0 = Release|Any CPU
		{615FE839-A0D8-4E72-A473-49F38558B954}.Release|iPhoneSimulator.Deploy.0 = Release|Any CPU
	EndGlobalSection
	GlobalSection(SolutionProperties) = preSolution
		HideSolutionNode = FALSE
	EndGlobalSection
	GlobalSection(ExtensibilityGlobals) = postSolution
		SolutionGuid = {C41FC0FF-9DE0-4E8A-AD3B-7B4BBDC44A38}
	EndGlobalSection
EndGlobal
